<?xml version="1.0" encoding="utf-8"?>
<Project ToolsVersion="4.0" xmlns="http://schemas.microsoft.com/developer/msbuild/2003">
  <ItemGroup>
    <Filter Include="Source Files">
      <UniqueIdentifier>{4FC737F1-C7A5-4376-A066-2A32D752A2FF}</UniqueIdentifier>
      <Extensions>cpp;c;cc;cxx;def;odl;idl;hpj;bat;asm;asmx</Extensions>
    </Filter>
    <Filter Include="Header Files">
      <UniqueIdentifier>{93995380-89BD-4b04-88EB-625FBE52EBFB}</UniqueIdentifier>
      <Extensions>h;hh;hpp;hxx;hm;inl;inc;xsd</Extensions>
    </Filter>
    <Filter Include="Resource Files">
      <UniqueIdentifier>{67DA6AB6-F800-4c08-8B7A-83BB121AAD01}</UniqueIdentifier>
      <Extensions>rc;ico;cur;bmp;dlg;rc2;rct;bin;rgs;gif;jpg;jpeg;jpe;resx;tiff;tif;png;wav;mfcribbon-ms</Extensions>
    </Filter>
    <Filter Include="src">
      <UniqueIdentifier>{91d87d90-6be8-4594-b167-4160d99fe57e}</UniqueIdentifier>
    </Filter>
    <Filter Include="ui">
      <UniqueIdentifier>{9934da71-b961-4f1f-8111-f5c7fd2b1491}</UniqueIdentifier>
    </Filter>
  </ItemGroup>
  <ItemGroup>
    <Text Include="readme.txt" />
  </ItemGroup>
  <ItemGroup>
    <ClCompile Include="..\main.cpp">
      <Filter>Source Files</Filter>
    </ClCompile>
    <ClCompile Include="..\ui\clonewindow.cpp">
      <Filter>ui</Filter>
    </ClCompile>
    <ClCompile Include="..\ui\mainwindow.cpp">
      <Filter>ui</Filter>
    </ClCompile>
    <ClCompile Include="..\src\git_control.cpp">
      <Filter>src</Filter>
    </ClCompile>
  </ItemGroup>
  <ItemGroup>
    <ClInclude Include="..\ui\clonewindow.h">
      <Filter>ui</Filter>
    </ClInclude>
    <ClInclude Include="..\ui\mainwindow.h">
      <Filter>ui</Filter>
    </ClInclude>
    <ClInclude Include="..\src\git_control.h">
      <Filter>src</Filter>
    </ClInclude>
    <ClInclude Include="..\src\def.h">
      <Filter>src</Filter>
    </ClInclude>
  </ItemGroup>
</Project>