// !$*UTF8*$!
{
	archiveVersion = 1;
	classes = {
	};
	objectVersion = 46;
	objects = {

/* Begin PBXContainerItemProxy section */
		6DE4A5FC1C36B77F003F4F94 /* PBXContainerItemProxy */ = {
			isa = PBXContainerItemProxy;
			containerPortal = 6D9530D61C36B64C0004B577 /* Project object */;
			proxyType = 1;
			remoteGlobalIDString = 6DE4A5F41C36B716003F4F94;
			remoteInfo = qmake;
		};
/* End PBXContainerItemProxy section */

/* Begin PBXFileReference section */
		6D2F797A1C55241000312F1A /* userpwdialog.cpp */ = {isa = PBXFileReference; fileEncoding = 4; lastKnownFileType = sourcecode.cpp.cpp; name = userpwdialog.cpp; path = ../ui/userpwdialog.cpp; sourceTree = "<group>"; };
		6D2F797B1C55241000312F1A /* userpwdialog.h */ = {isa = PBXFileReference; fileEncoding = 4; lastKnownFileType = sourcecode.c.h; name = userpwdialog.h; path = ../ui/userpwdialog.h; sourceTree = "<group>"; };
		6D40E9311C53BF08009D76D8 /* def.h */ = {isa = PBXFileReference; fileEncoding = 4; lastKnownFileType = sourcecode.c.h; name = def.h; path = ../src/def.h; sourceTree = "<group>"; };
		6D5388851C68FD6300DA4765 /* git_rev_parse.cpp */ = {isa = PBXFileReference; fileEncoding = 4; lastKnownFileType = sourcecode.cpp.cpp; name = git_rev_parse.cpp; path = ../src/git_cmd/git_rev_parse.cpp; sourceTree = "<group>"; };
		6D5388861C68FD6300DA4765 /* git_rev_parse.h */ = {isa = PBXFileReference; fileEncoding = 4; lastKnownFileType = sourcecode.c.h; name = git_rev_parse.h; path = ../src/git_cmd/git_rev_parse.h; sourceTree = "<group>"; };
		6D5388871C68FD7A00DA4765 /* filewidget.cpp */ = {isa = PBXFileReference; fileEncoding = 4; lastKnownFileType = sourcecode.cpp.cpp; name = filewidget.cpp; path = ../ui/filewidget.cpp; sourceTree = "<group>"; };
		6D5388881C68FD7A00DA4765 /* filewidget.h */ = {isa = PBXFileReference; fileEncoding = 4; lastKnownFileType = sourcecode.c.h; name = filewidget.h; path = ../ui/filewidget.h; sourceTree = "<group>"; };
		6D5388891C68FD7A00DA4765 /* logwidget.cpp */ = {isa = PBXFileReference; fileEncoding = 4; lastKnownFileType = sourcecode.cpp.cpp; name = logwidget.cpp; path = ../ui/logwidget.cpp; sourceTree = "<group>"; };
		6D53888A1C68FD7A00DA4765 /* logwidget.h */ = {isa = PBXFileReference; fileEncoding = 4; lastKnownFileType = sourcecode.c.h; name = logwidget.h; path = ../ui/logwidget.h; sourceTree = "<group>"; };
		6D53888B1C68FD7A00DA4765 /* projwindow.cpp */ = {isa = PBXFileReference; fileEncoding = 4; lastKnownFileType = sourcecode.cpp.cpp; name = projwindow.cpp; path = ../ui/projwindow.cpp; sourceTree = "<group>"; };
		6D53888C1C68FD7A00DA4765 /* projwindow.h */ = {isa = PBXFileReference; fileEncoding = 4; lastKnownFileType = sourcecode.c.h; name = projwindow.h; path = ../ui/projwindow.h; sourceTree = "<group>"; };
		6D53888E1C68FD9E00DA4765 /* file_model.cpp */ = {isa = PBXFileReference; fileEncoding = 4; lastKnownFileType = sourcecode.cpp.cpp; name = file_model.cpp; path = ../model/file_model.cpp; sourceTree = "<group>"; };
		6D53888F1C68FD9E00DA4765 /* file_model.h */ = {isa = PBXFileReference; fileEncoding = 4; lastKnownFileType = sourcecode.c.h; name = file_model.h; path = ../model/file_model.h; sourceTree = "<group>"; };
		6DB99B271C5520F100998E69 /* git_clone.cpp */ = {isa = PBXFileReference; fileEncoding = 4; lastKnownFileType = sourcecode.cpp.cpp; name = git_clone.cpp; path = ../src/git_cmd/git_clone.cpp; sourceTree = "<group>"; };
		6DB99B281C5520F100998E69 /* git_clone.h */ = {isa = PBXFileReference; fileEncoding = 4; lastKnownFileType = sourcecode.c.h; name = git_clone.h; path = ../src/git_cmd/git_clone.h; sourceTree = "<group>"; };
		6DB99B291C5520F100998E69 /* git_command.cpp */ = {isa = PBXFileReference; fileEncoding = 4; lastKnownFileType = sourcecode.cpp.cpp; name = git_command.cpp; path = ../src/git_cmd/git_command.cpp; sourceTree = "<group>"; };
		6DB99B2A1C5520F100998E69 /* git_command.h */ = {isa = PBXFileReference; fileEncoding = 4; lastKnownFileType = sourcecode.c.h; name = git_command.h; path = ../src/git_cmd/git_command.h; sourceTree = "<group>"; };
		6DE4A5FF1C36B800003F4F94 /* main.cpp */ = {isa = PBXFileReference; fileEncoding = 4; lastKnownFileType = sourcecode.cpp.cpp; name = main.cpp; path = ../main.cpp; sourceTree = "<group>"; };
		6DE4A6001C36B810003F4F94 /* git_control.cpp */ = {isa = PBXFileReference; fileEncoding = 4; lastKnownFileType = sourcecode.cpp.cpp; name = git_control.cpp; path = ../src/git_control.cpp; sourceTree = "<group>"; };
		6DE4A6011C36B810003F4F94 /* git_control.h */ = {isa = PBXFileReference; fileEncoding = 4; lastKnownFileType = sourcecode.c.h; name = git_control.h; path = ../src/git_control.h; sourceTree = "<group>"; };
		6DE4A6031C36B822003F4F94 /* clonewindow.cpp */ = {isa = PBXFileReference; fileEncoding = 4; lastKnownFileType = sourcecode.cpp.cpp; name = clonewindow.cpp; path = ../ui/clonewindow.cpp; sourceTree = "<group>"; };
		6DE4A6041C36B822003F4F94 /* clonewindow.h */ = {isa = PBXFileReference; fileEncoding = 4; lastKnownFileType = sourcecode.c.h; name = clonewindow.h; path = ../ui/clonewindow.h; sourceTree = "<group>"; };
		6DE4A6051C36B822003F4F94 /* mainwindow.cpp */ = {isa = PBXFileReference; fileEncoding = 4; lastKnownFileType = sourcecode.cpp.cpp; name = mainwindow.cpp; path = ../ui/mainwindow.cpp; sourceTree = "<group>"; };
		6DE4A6061C36B822003F4F94 /* mainwindow.h */ = {isa = PBXFileReference; fileEncoding = 4; lastKnownFileType = sourcecode.c.h; name = mainwindow.h; path = ../ui/mainwindow.h; sourceTree = "<group>"; };
		6DE4A7D21C74ADFF009835F4 /* git_log.cpp */ = {isa = PBXFileReference; fileEncoding = 4; lastKnownFileType = sourcecode.cpp.cpp; name = git_log.cpp; path = ../src/git_cmd/git_log.cpp; sourceTree = "<group>"; };
		6DE4A7D31C74ADFF009835F4 /* git_log.h */ = {isa = PBXFileReference; fileEncoding = 4; lastKnownFileType = sourcecode.c.h; name = git_log.h; path = ../src/git_cmd/git_log.h; sourceTree = "<group>"; };
		6DE4A7D51C74AE20009835F4 /* commitwindow.cpp */ = {isa = PBXFileReference; fileEncoding = 4; lastKnownFileType = sourcecode.cpp.cpp; name = commitwindow.cpp; path = ../ui/commitwindow.cpp; sourceTree = "<group>"; };
		6DE4A7D61C74AE20009835F4 /* commitwindow.h */ = {isa = PBXFileReference; fileEncoding = 4; lastKnownFileType = sourcecode.c.h; name = commitwindow.h; path = ../ui/commitwindow.h; sourceTree = "<group>"; };
		6DE4A7DE1C74AE2F009835F4 /* log_model.cpp */ = {isa = PBXFileReference; fileEncoding = 4; lastKnownFileType = sourcecode.cpp.cpp; name = log_model.cpp; path = ../model/log_model.cpp; sourceTree = "<group>"; };
		6DE4A7DF1C74AE2F009835F4 /* log_model.h */ = {isa = PBXFileReference; fileEncoding = 4; lastKnownFileType = sourcecode.c.h; name = log_model.h; path = ../model/log_model.h; sourceTree = "<group>"; };
		6DEE53421C60DD350064F3BB /* git_status.cpp */ = {isa = PBXFileReference; fileEncoding = 4; lastKnownFileType = sourcecode.cpp.cpp; name = git_status.cpp; path = ../src/git_cmd/git_status.cpp; sourceTree = "<group>"; };
		6DEE53431C60DD350064F3BB /* git_status.h */ = {isa = PBXFileReference; fileEncoding = 4; lastKnownFileType = sourcecode.c.h; name = git_status.h; path = ../src/git_cmd/git_status.h; sourceTree = "<group>"; };
		6DEE53441C60DD9E0064F3BB /* git_init.cpp */ = {isa = PBXFileReference; fileEncoding = 4; lastKnownFileType = sourcecode.cpp.cpp; name = git_init.cpp; path = ../src/git_cmd/git_init.cpp; sourceTree = "<group>"; };
		6DEE53451C60DD9E0064F3BB /* git_init.h */ = {isa = PBXFileReference; fileEncoding = 4; lastKnownFileType = sourcecode.c.h; name = git_init.h; path = ../src/git_cmd/git_init.h; sourceTree = "<group>"; };
		6DF72C3A1C5E6705001AFC2E /* db_manager.cpp */ = {isa = PBXFileReference; fileEncoding = 4; lastKnownFileType = sourcecode.cpp.cpp; name = db_manager.cpp; path = ../src/db_manager.cpp; sourceTree = "<group>"; };
		6DF72C3B1C5E6705001AFC2E /* db_manager.h */ = {isa = PBXFileReference; fileEncoding = 4; lastKnownFileType = sourcecode.c.h; name = db_manager.h; path = ../src/db_manager.h; sourceTree = "<group>"; };
		6DF72C3C1C5E6705001AFC2E /* sqlite3.c */ = {isa = PBXFileReference; fileEncoding = 4; lastKnownFileType = sourcecode.c.c; name = sqlite3.c; path = ../src/sqlite3.c; sourceTree = "<group>"; };
		6DF72C3D1C5E6705001AFC2E /* sqlite3.h */ = {isa = PBXFileReference; fileEncoding = 4; lastKnownFileType = sourcecode.c.h; name = sqlite3.h; path = ../src/sqlite3.h; sourceTree = "<group>"; };
		6DF72C3E1C5E671A001AFC2E /* projectbutton.cpp */ = {isa = PBXFileReference; fileEncoding = 4; lastKnownFileType = sourcecode.cpp.cpp; name = projectbutton.cpp; path = ../ui/projectbutton.cpp; sourceTree = "<group>"; };
		6DF72C3F1C5E671A001AFC2E /* projectbutton.h */ = {isa = PBXFileReference; fileEncoding = 4; lastKnownFileType = sourcecode.c.h; name = projectbutton.h; path = ../ui/projectbutton.h; sourceTree = "<group>"; };
/* End PBXFileReference section */

/* Begin PBXGroup section */
		6D53888D1C68FD8E00DA4765 /* model */ = {
			isa = PBXGroup;
			children = (
				6DE4A7DE1C74AE2F009835F4 /* log_model.cpp */,
				6DE4A7DF1C74AE2F009835F4 /* log_model.h */,
				6D53888E1C68FD9E00DA4765 /* file_model.cpp */,
				6D53888F1C68FD9E00DA4765 /* file_model.h */,
			);
			name = model;
			sourceTree = "<group>";
		};
		6D9530D51C36B64C0004B577 = {
			isa = PBXGroup;
			children = (
				6D53888D1C68FD8E00DA4765 /* model */,
				6DE4A6021C36B816003F4F94 /* ui */,
				6DE4A5FF1C36B800003F4F94 /* main.cpp */,
				6DE4A5FE1C36B7E4003F4F94 /* src */,
			);
			sourceTree = "<group>";
		};
		6DB99B261C5520E100998E69 /* git_cmd */ = {
			isa = PBXGroup;
			children = (
				6DE4A7D21C74ADFF009835F4 /* git_log.cpp */,
				6DE4A7D31C74ADFF009835F4 /* git_log.h */,
				6D5388851C68FD6300DA4765 /* git_rev_parse.cpp */,
				6D5388861C68FD6300DA4765 /* git_rev_parse.h */,
				6DEE53441C60DD9E0064F3BB /* git_init.cpp */,
				6DEE53451C60DD9E0064F3BB /* git_init.h */,
				6DEE53421C60DD350064F3BB /* git_status.cpp */,
				6DEE53431C60DD350064F3BB /* git_status.h */,
				6DB99B271C5520F100998E69 /* git_clone.cpp */,
				6DB99B281C5520F100998E69 /* git_clone.h */,
				6DB99B291C5520F100998E69 /* git_command.cpp */,
				6DB99B2A1C5520F100998E69 /* git_command.h */,
			);
			name = git_cmd;
			sourceTree = "<group>";
		};
		6DE4A5FE1C36B7E4003F4F94 /* src */ = {
			isa = PBXGroup;
			children = (
				6DF72C3A1C5E6705001AFC2E /* db_manager.cpp */,
				6DF72C3B1C5E6705001AFC2E /* db_manager.h */,
				6DF72C3C1C5E6705001AFC2E /* sqlite3.c */,
				6DF72C3D1C5E6705001AFC2E /* sqlite3.h */,
				6DB99B261C5520E100998E69 /* git_cmd */,
				6D40E9311C53BF08009D76D8 /* def.h */,
				6DE4A6001C36B810003F4F94 /* git_control.cpp */,
				6DE4A6011C36B810003F4F94 /* git_control.h */,
			);
			name = src;
			sourceTree = "<group>";
		};
		6DE4A6021C36B816003F4F94 /* ui */ = {
			isa = PBXGroup;
			children = (
				6DE4A7D51C74AE20009835F4 /* commitwindow.cpp */,
				6DE4A7D61C74AE20009835F4 /* commitwindow.h */,
				6D5388871C68FD7A00DA4765 /* filewidget.cpp */,
				6D5388881C68FD7A00DA4765 /* filewidget.h */,
				6D5388891C68FD7A00DA4765 /* logwidget.cpp */,
				6D53888A1C68FD7A00DA4765 /* logwidget.h */,
				6D53888B1C68FD7A00DA4765 /* projwindow.cpp */,
				6D53888C1C68FD7A00DA4765 /* projwindow.h */,
				6DF72C3E1C5E671A001AFC2E /* projectbutton.cpp */,
				6DF72C3F1C5E671A001AFC2E /* projectbutton.h */,
				6D2F797A1C55241000312F1A /* userpwdialog.cpp */,
				6D2F797B1C55241000312F1A /* userpwdialog.h */,
				6DE4A6031C36B822003F4F94 /* clonewindow.cpp */,
				6DE4A6041C36B822003F4F94 /* clonewindow.h */,
				6DE4A6051C36B822003F4F94 /* mainwindow.cpp */,
				6DE4A6061C36B822003F4F94 /* mainwindow.h */,
			);
			name = ui;
			sourceTree = "<group>";
		};
/* End PBXGroup section */

/* Begin PBXLegacyTarget section */
		6DE4A5F41C36B716003F4F94 /* qmake */ = {
			isa = PBXLegacyTarget;
			buildArgumentsString = "HiGit.pro -r -spec macx-clang CONFIG+=x86_64";
			buildConfigurationList = 6DE4A5F71C36B716003F4F94 /* Build configuration list for PBXLegacyTarget "qmake" */;
			buildPhases = (
			);
			buildToolPath = "/usr/local/Qt-5.5.1/bin/qmake";
			buildWorkingDirectory = /Users/hidog/code/HiGit;
			dependencies = (
			);
			name = qmake;
			passBuildSettingsInEnvironment = 1;
			productName = qmake;
		};
		6DE4A5F81C36B76C003F4F94 /* make */ = {
			isa = PBXLegacyTarget;
			buildArgumentsString = "";
			buildConfigurationList = 6DE4A5F91C36B76C003F4F94 /* Build configuration list for PBXLegacyTarget "make" */;
			buildPhases = (
			);
			buildToolPath = /usr/bin/make;
			buildWorkingDirectory = /Users/hidog/code/HiGit;
			dependencies = (
				6DE4A5FD1C36B77F003F4F94 /* PBXTargetDependency */,
			);
			name = make;
			passBuildSettingsInEnvironment = 1;
			productName = make;
		};
/* End PBXLegacyTarget section */

/* Begin PBXProject section */
		6D9530D61C36B64C0004B577 /* Project object */ = {
			isa = PBXProject;
			attributes = {
				LastUpgradeCheck = 0720;
				TargetAttributes = {
					6DE4A5F41C36B716003F4F94 = {
						CreatedOnToolsVersion = 7.2;
					};
					6DE4A5F81C36B76C003F4F94 = {
						CreatedOnToolsVersion = 7.2;
					};
				};
			};
			buildConfigurationList = 6D9530D91C36B64C0004B577 /* Build configuration list for PBXProject "HiGit" */;
			compatibilityVersion = "Xcode 3.2";
			developmentRegion = English;
			hasScannedForEncodings = 0;
			knownRegions = (
				en,
			);
			mainGroup = 6D9530D51C36B64C0004B577;
			projectDirPath = "";
			projectRoot = "";
			targets = (
				6DE4A5F81C36B76C003F4F94 /* make */,
				6DE4A5F41C36B716003F4F94 /* qmake */,
			);
		};
/* End PBXProject section */

/* Begin PBXTargetDependency section */
		6DE4A5FD1C36B77F003F4F94 /* PBXTargetDependency */ = {
			isa = PBXTargetDependency;
			target = 6DE4A5F41C36B716003F4F94 /* qmake */;
			targetProxy = 6DE4A5FC1C36B77F003F4F94 /* PBXContainerItemProxy */;
		};
/* End PBXTargetDependency section */

/* Begin XCBuildConfiguration section */
		6D9530DA1C36B64C0004B577 /* Debug */ = {
			isa = XCBuildConfiguration;
			buildSettings = {
			};
			name = Debug;
		};
		6D9530DB1C36B64C0004B577 /* Release */ = {
			isa = XCBuildConfiguration;
			buildSettings = {
			};
			name = Release;
		};
		6DE4A5F51C36B716003F4F94 /* Debug */ = {
			isa = XCBuildConfiguration;
			buildSettings = {
				ALWAYS_SEARCH_USER_PATHS = NO;
				CLANG_CXX_LANGUAGE_STANDARD = "gnu++0x";
				CLANG_CXX_LIBRARY = "libc++";
				CLANG_ENABLE_MODULES = YES;
				CLANG_ENABLE_OBJC_ARC = YES;
				CLANG_WARN_BOOL_CONVERSION = YES;
				CLANG_WARN_CONSTANT_CONVERSION = YES;
				CLANG_WARN_DIRECT_OBJC_ISA_USAGE = YES_ERROR;
				CLANG_WARN_EMPTY_BODY = YES;
				CLANG_WARN_ENUM_CONVERSION = YES;
				CLANG_WARN_INT_CONVERSION = YES;
				CLANG_WARN_OBJC_ROOT_CLASS = YES_ERROR;
				CLANG_WARN_UNREACHABLE_CODE = YES;
				CLANG_WARN__DUPLICATE_METHOD_MATCH = YES;
				COPY_PHASE_STRIP = NO;
				DEBUGGING_SYMBOLS = YES;
				DEBUG_INFORMATION_FORMAT = dwarf;
				ENABLE_STRICT_OBJC_MSGSEND = YES;
				ENABLE_TESTABILITY = YES;
				GCC_C_LANGUAGE_STANDARD = gnu99;
				GCC_DYNAMIC_NO_PIC = NO;
				GCC_GENERATE_DEBUGGING_SYMBOLS = YES;
				GCC_NO_COMMON_BLOCKS = YES;
				GCC_OPTIMIZATION_LEVEL = 0;
				GCC_PREPROCESSOR_DEFINITIONS = (
					"DEBUG=1",
					"$(inherited)",
				);
				GCC_WARN_64_TO_32_BIT_CONVERSION = YES;
				GCC_WARN_ABOUT_RETURN_TYPE = YES_ERROR;
				GCC_WARN_UNDECLARED_SELECTOR = YES;
				GCC_WARN_UNINITIALIZED_AUTOS = YES_AGGRESSIVE;
				GCC_WARN_UNUSED_FUNCTION = YES;
				GCC_WARN_UNUSED_VARIABLE = YES;
				MTL_ENABLE_DEBUG_INFO = YES;
				ONLY_ACTIVE_ARCH = YES;
				OTHER_CFLAGS = "";
				OTHER_LDFLAGS = "";
				PRODUCT_NAME = "$(TARGET_NAME)";
			};
			name = Debug;
		};
		6DE4A5F61C36B716003F4F94 /* Release */ = {
			isa = XCBuildConfiguration;
			buildSettings = {
				ALWAYS_SEARCH_USER_PATHS = NO;
				CLANG_CXX_LANGUAGE_STANDARD = "gnu++0x";
				CLANG_CXX_LIBRARY = "libc++";
				CLANG_ENABLE_MODULES = YES;
				CLANG_ENABLE_OBJC_ARC = YES;
				CLANG_WARN_BOOL_CONVERSION = YES;
				CLANG_WARN_CONSTANT_CONVERSION = YES;
				CLANG_WARN_DIRECT_OBJC_ISA_USAGE = YES_ERROR;
				CLANG_WARN_EMPTY_BODY = YES;
				CLANG_WARN_ENUM_CONVERSION = YES;
				CLANG_WARN_INT_CONVERSION = YES;
				CLANG_WARN_OBJC_ROOT_CLASS = YES_ERROR;
				CLANG_WARN_UNREACHABLE_CODE = YES;
				CLANG_WARN__DUPLICATE_METHOD_MATCH = YES;
				COPY_PHASE_STRIP = NO;
				DEBUG_INFORMATION_FORMAT = "dwarf-with-dsym";
				ENABLE_NS_ASSERTIONS = NO;
				ENABLE_STRICT_OBJC_MSGSEND = YES;
				GCC_C_LANGUAGE_STANDARD = gnu99;
				GCC_NO_COMMON_BLOCKS = YES;
				GCC_WARN_64_TO_32_BIT_CONVERSION = YES;
				GCC_WARN_ABOUT_RETURN_TYPE = YES_ERROR;
				GCC_WARN_UNDECLARED_SELECTOR = YES;
				GCC_WARN_UNINITIALIZED_AUTOS = YES_AGGRESSIVE;
				GCC_WARN_UNUSED_FUNCTION = YES;
				GCC_WARN_UNUSED_VARIABLE = YES;
				MTL_ENABLE_DEBUG_INFO = NO;
				OTHER_CFLAGS = "";
				OTHER_LDFLAGS = "";
				PRODUCT_NAME = "$(TARGET_NAME)";
			};
			name = Release;
		};
		6DE4A5FA1C36B76C003F4F94 /* Debug */ = {
			isa = XCBuildConfiguration;
			buildSettings = {
				ALWAYS_SEARCH_USER_PATHS = YES;
				CLANG_CXX_LANGUAGE_STANDARD = "gnu++0x";
				CLANG_CXX_LIBRARY = "libc++";
				CLANG_ENABLE_MODULES = YES;
				CLANG_ENABLE_OBJC_ARC = YES;
				CLANG_WARN_BOOL_CONVERSION = YES;
				CLANG_WARN_CONSTANT_CONVERSION = YES;
				CLANG_WARN_DIRECT_OBJC_ISA_USAGE = YES_ERROR;
				CLANG_WARN_EMPTY_BODY = YES;
				CLANG_WARN_ENUM_CONVERSION = YES;
				CLANG_WARN_INT_CONVERSION = YES;
				CLANG_WARN_OBJC_ROOT_CLASS = YES_ERROR;
				CLANG_WARN_UNREACHABLE_CODE = YES;
				CLANG_WARN__DUPLICATE_METHOD_MATCH = YES;
				COPY_PHASE_STRIP = NO;
				DEBUGGING_SYMBOLS = YES;
				DEBUG_INFORMATION_FORMAT = dwarf;
				ENABLE_STRICT_OBJC_MSGSEND = YES;
				ENABLE_TESTABILITY = YES;
				GCC_C_LANGUAGE_STANDARD = gnu99;
				GCC_DYNAMIC_NO_PIC = NO;
				GCC_GENERATE_DEBUGGING_SYMBOLS = YES;
				GCC_NO_COMMON_BLOCKS = YES;
				GCC_OPTIMIZATION_LEVEL = 0;
				GCC_PREPROCESSOR_DEFINITIONS = (
					"DEBUG=1",
					"$(inherited)",
				);
				GCC_WARN_64_TO_32_BIT_CONVERSION = YES;
				GCC_WARN_ABOUT_RETURN_TYPE = YES_ERROR;
				GCC_WARN_UNDECLARED_SELECTOR = YES;
				GCC_WARN_UNINITIALIZED_AUTOS = YES_AGGRESSIVE;
				GCC_WARN_UNUSED_FUNCTION = YES;
				GCC_WARN_UNUSED_VARIABLE = YES;
				MTL_ENABLE_DEBUG_INFO = YES;
				ONLY_ACTIVE_ARCH = YES;
				OTHER_CFLAGS = "";
				OTHER_LDFLAGS = "";
				PRODUCT_NAME = "$(TARGET_NAME)";
			};
			name = Debug;
		};
		6DE4A5FB1C36B76C003F4F94 /* Release */ = {
			isa = XCBuildConfiguration;
			buildSettings = {
				ALWAYS_SEARCH_USER_PATHS = YES;
				CLANG_CXX_LANGUAGE_STANDARD = "gnu++0x";
				CLANG_CXX_LIBRARY = "libc++";
				CLANG_ENABLE_MODULES = YES;
				CLANG_ENABLE_OBJC_ARC = YES;
				CLANG_WARN_BOOL_CONVERSION = YES;
				CLANG_WARN_CONSTANT_CONVERSION = YES;
				CLANG_WARN_DIRECT_OBJC_ISA_USAGE = YES_ERROR;
				CLANG_WARN_EMPTY_BODY = YES;
				CLANG_WARN_ENUM_CONVERSION = YES;
				CLANG_WARN_INT_CONVERSION = YES;
				CLANG_WARN_OBJC_ROOT_CLASS = YES_ERROR;
				CLANG_WARN_UNREACHABLE_CODE = YES;
				CLANG_WARN__DUPLICATE_METHOD_MATCH = YES;
				COPY_PHASE_STRIP = NO;
				DEBUG_INFORMATION_FORMAT = "dwarf-with-dsym";
				ENABLE_NS_ASSERTIONS = NO;
				ENABLE_STRICT_OBJC_MSGSEND = YES;
				GCC_C_LANGUAGE_STANDARD = gnu99;
				GCC_NO_COMMON_BLOCKS = YES;
				GCC_WARN_64_TO_32_BIT_CONVERSION = YES;
				GCC_WARN_ABOUT_RETURN_TYPE = YES_ERROR;
				GCC_WARN_UNDECLARED_SELECTOR = YES;
				GCC_WARN_UNINITIALIZED_AUTOS = YES_AGGRESSIVE;
				GCC_WARN_UNUSED_FUNCTION = YES;
				GCC_WARN_UNUSED_VARIABLE = YES;
				MTL_ENABLE_DEBUG_INFO = NO;
				OTHER_CFLAGS = "";
				OTHER_LDFLAGS = "";
				PRODUCT_NAME = "$(TARGET_NAME)";
			};
			name = Release;
		};
/* End XCBuildConfiguration section */

/* Begin XCConfigurationList section */
		6D9530D91C36B64C0004B577 /* Build configuration list for PBXProject "HiGit" */ = {
			isa = XCConfigurationList;
			buildConfigurations = (
				6D9530DA1C36B64C0004B577 /* Debug */,
				6D9530DB1C36B64C0004B577 /* Release */,
			);
			defaultConfigurationIsVisible = 0;
			defaultConfigurationName = Debug;
		};
		6DE4A5F71C36B716003F4F94 /* Build configuration list for PBXLegacyTarget "qmake" */ = {
			isa = XCConfigurationList;
			buildConfigurations = (
				6DE4A5F51C36B716003F4F94 /* Debug */,
				6DE4A5F61C36B716003F4F94 /* Release */,
			);
			defaultConfigurationIsVisible = 0;
			defaultConfigurationName = Debug;
		};
		6DE4A5F91C36B76C003F4F94 /* Build configuration list for PBXLegacyTarget "make" */ = {
			isa = XCConfigurationList;
			buildConfigurations = (
				6DE4A5FA1C36B76C003F4F94 /* Debug */,
				6DE4A5FB1C36B76C003F4F94 /* Release */,
			);
			defaultConfigurationIsVisible = 0;
			defaultConfigurationName = Debug;
		};
/* End XCConfigurationList section */
	};
	rootObject = 6D9530D61C36B64C0004B577 /* Project object */;
}
