<?xml version="1.0" encoding="utf-8"?>
<Project ToolsVersion="4.0" xmlns="http://schemas.microsoft.com/developer/msbuild/2003">
  <ItemGroup>
    <Filter Include="原始程式檔">
      <UniqueIdentifier>{4FC737F1-C7A5-4376-A066-2A32D752A2FF}</UniqueIdentifier>
      <Extensions>cpp;c;cc;cxx;def;odl;idl;hpj;bat;asm;asmx</Extensions>
    </Filter>
    <Filter Include="ui">
      <UniqueIdentifier>{83e3ad98-c2e1-4d9b-9894-f1ef434fa0ee}</UniqueIdentifier>
    </Filter>
    <Filter Include="src">
      <UniqueIdentifier>{f7a315df-62c2-414a-ba34-ee07c7f5a8e5}</UniqueIdentifier>
    </Filter>
    <Filter Include="src\git_cmd">
      <UniqueIdentifier>{23e14199-9a27-41b0-8edc-14ae6d7e5a15}</UniqueIdentifier>
    </Filter>
    <Filter Include="model">
      <UniqueIdentifier>{fcfda8fd-d9f9-49f1-abda-2fad05e26386}</UniqueIdentifier>
    </Filter>
  </ItemGroup>
  <ItemGroup>
    <Text Include="readme.txt" />
  </ItemGroup>
  <ItemGroup>
    <ClCompile Include="..\main.cpp">
      <Filter>原始程式檔</Filter>
    </ClCompile>
    <ClCompile Include="..\ui\mainwindow.cpp">
      <Filter>ui</Filter>
    </ClCompile>
    <ClCompile Include="..\ui\clonewindow.cpp">
      <Filter>ui</Filter>
    </ClCompile>
    <ClCompile Include="..\src\git_control.cpp">
      <Filter>src</Filter>
    </ClCompile>
    <ClCompile Include="..\ui\userpwdialog.cpp">
      <Filter>ui</Filter>
    </ClCompile>
    <ClCompile Include="..\src\git_cmd\git_command.cpp">
      <Filter>src\git_cmd</Filter>
    </ClCompile>
    <ClCompile Include="..\src\git_cmd\git_clone.cpp">
      <Filter>src\git_cmd</Filter>
    </ClCompile>
    <ClCompile Include="..\src\db_manager.cpp">
      <Filter>src</Filter>
    </ClCompile>
    <ClCompile Include="..\src\sqlite3.c">
      <Filter>src</Filter>
    </ClCompile>
    <ClCompile Include="..\ui\projectbutton.cpp">
      <Filter>ui</Filter>
    </ClCompile>
    <ClCompile Include="..\src\git_cmd\git_status.cpp">
      <Filter>src\git_cmd</Filter>
    </ClCompile>
    <ClCompile Include="..\ui\projwindow.cpp">
      <Filter>ui</Filter>
    </ClCompile>
    <ClCompile Include="..\src\git_cmd\git_rev_parse.cpp">
      <Filter>src\git_cmd</Filter>
    </ClCompile>
    <ClCompile Include="..\src\git_cmd\git_init.cpp">
      <Filter>src\git_cmd</Filter>
    </ClCompile>
    <ClCompile Include="..\ui\logwidget.cpp">
      <Filter>ui</Filter>
    </ClCompile>
    <ClCompile Include="..\ui\filewidget.cpp">
      <Filter>ui</Filter>
    </ClCompile>
    <ClCompile Include="..\model\file_model.cpp">
      <Filter>model</Filter>
    </ClCompile>
    <ClCompile Include="..\model\log_model.cpp">
      <Filter>model</Filter>
    </ClCompile>
    <ClCompile Include="..\src\git_cmd\git_log.cpp">
      <Filter>src\git_cmd</Filter>
    </ClCompile>
    <ClCompile Include="..\ui\commitwindow.cpp">
      <Filter>ui</Filter>
    </ClCompile>
    <ClCompile Include="..\src\git_cmd\git_base.cpp">
      <Filter>src\git_cmd</Filter>
    </ClCompile>
    <ClCompile Include="..\src\tools.cpp">
      <Filter>src</Filter>
    </ClCompile>
    <ClCompile Include="..\ui\adddialog.cpp">
      <Filter>ui</Filter>
    </ClCompile>
    <ClCompile Include="..\src\git_cmd\git_commit.cpp">
      <Filter>src\git_cmd</Filter>
    </ClCompile>
    <ClCompile Include="..\src\git_cmd\git_branch.cpp">
      <Filter>src\git_cmd</Filter>
    </ClCompile>
    <ClCompile Include="..\ui\syncdialog.cpp">
      <Filter>ui</Filter>
    </ClCompile>
    <ClCompile Include="..\src\git_cmd\git_remote.cpp">
      <Filter>src\git_cmd</Filter>
    </ClCompile>
    <ClCompile Include="..\src\git_cmd\git_pull.cpp">
      <Filter>src\git_cmd</Filter>
    </ClCompile>
  </ItemGroup>
  <ItemGroup>
    <ClInclude Include="..\ui\mainwindow.h">
      <Filter>ui</Filter>
    </ClInclude>
    <ClInclude Include="..\ui\clonewindow.h">
      <Filter>ui</Filter>
    </ClInclude>
    <ClInclude Include="..\src\git_control.h">
      <Filter>src</Filter>
    </ClInclude>
    <ClInclude Include="..\src\def.h">
      <Filter>src</Filter>
    </ClInclude>
    <ClInclude Include="..\ui\userpwdialog.h">
      <Filter>ui</Filter>
    </ClInclude>
    <ClInclude Include="..\src\git_cmd\git_clone.h">
      <Filter>src\git_cmd</Filter>
    </ClInclude>
    <ClInclude Include="..\src\git_cmd\git_command.h">
      <Filter>src\git_cmd</Filter>
    </ClInclude>
    <ClInclude Include="..\src\db_manager.h">
      <Filter>src</Filter>
    </ClInclude>
    <ClInclude Include="..\src\sqlite3.h">
      <Filter>src</Filter>
    </ClInclude>
    <ClInclude Include="..\ui\projectbutton.h">
      <Filter>ui</Filter>
    </ClInclude>
    <ClInclude Include="..\src\git_cmd\git_status.h">
      <Filter>src\git_cmd</Filter>
    </ClInclude>
    <ClInclude Include="..\ui\projwindow.h">
      <Filter>ui</Filter>
    </ClInclude>
    <ClInclude Include="..\src\git_cmd\git_rev_parse.h">
      <Filter>src\git_cmd</Filter>
    </ClInclude>
    <ClInclude Include="..\src\git_cmd\git_init.h">
      <Filter>src\git_cmd</Filter>
    </ClInclude>
    <ClInclude Include="..\ui\filewidget.h">
      <Filter>ui</Filter>
    </ClInclude>
    <ClInclude Include="..\ui\logwidget.h">
      <Filter>ui</Filter>
    </ClInclude>
    <ClInclude Include="..\model\file_model.h">
      <Filter>model</Filter>
    </ClInclude>
    <ClInclude Include="..\model\log_model.h">
      <Filter>model</Filter>
    </ClInclude>
    <ClInclude Include="..\src\git_cmd\git_log.h">
      <Filter>src\git_cmd</Filter>
    </ClInclude>
    <ClInclude Include="..\ui\commitwindow.h">
      <Filter>ui</Filter>
    </ClInclude>
    <ClInclude Include="..\src\git_cmd\git_base.h">
      <Filter>src\git_cmd</Filter>
    </ClInclude>
    <ClInclude Include="..\src\tools.h">
      <Filter>src</Filter>
    </ClInclude>
    <ClInclude Include="..\ui\adddialog.h">
      <Filter>ui</Filter>
    </ClInclude>
    <ClInclude Include="..\src\git_cmd\git_commit.h">
      <Filter>src\git_cmd</Filter>
    </ClInclude>
    <ClInclude Include="..\src\git_cmd\git_branch.h">
      <Filter>src\git_cmd</Filter>
    </ClInclude>
    <ClInclude Include="..\ui\syncdialog.h">
      <Filter>ui</Filter>
    </ClInclude>
    <ClInclude Include="..\src\git_cmd\git_remote.h">
      <Filter>src\git_cmd</Filter>
    </ClInclude>
    <ClInclude Include="..\src\git_cmd\git_pull.h">
      <Filter>src\git_cmd</Filter>
    </ClInclude>
  </ItemGroup>
</Project>